
Microsoft Visual Studio Solution File, Format Version 12.00
# Visual Studio Version 16
VisualStudioVersion = 16.0.29418.71
MinimumVisualStudioVersion = 10.0.40219.1
Project("{9A19103F-16F7-4668-BE54-9A1E7A4F7556}") = "InterprocessRPC", "InterprocessRPC\InterprocessRPC.csproj", "{B9096AD6-24EA-4A8D-A70E-EA237A479661}"
EndProject
Project("{FAE04EC0-301F-11D3-BF4B-00C04F79EFBC}") = "InterprocessRPC.TestServer", "InterprocessRPC.TestServer\InterprocessRPC.TestServer.csproj", "{21B02A8F-F4ED-42F4-BB8C-63EC3438067E}"
EndProject
Project("{FAE04EC0-301F-11D3-BF4B-00C04F79EFBC}") = "InterprocessRPC.Common", "InterprocessRPC.Common\InterprocessRPC.Common.csproj", "{0CC52D05-7EB0-4F46-8323-56B1C09DA3CC}"
EndProject
Project("{FAE04EC0-301F-11D3-BF4B-00C04F79EFBC}") = "InterprocessRPC.TestClient", "InterprocessRPC.TestClient\InterprocessRPC.TestClient.csproj", "{A5F85148-2941-4ADD-8546-23254FE2912D}"
EndProject
Project("{FAE04EC0-301F-11D3-BF4B-00C04F79EFBC}") = "InterprocessRPC.Wrappers", "InterprocessRPC.Wrappers\InterprocessRPC.Wrappers.csproj", "{223A0DF9-68A0-44F6-820E-AAD843E1C077}"
EndProject
Project("{2150E333-8FDC-42A3-9474-1A3956D46DE8}") = "RPCs", "RPCs", "{1AB1D78A-42E3-4C8B-8D05-4F50C3D3CADB}"
EndProject
Project("{FAE04EC0-301F-11D3-BF4B-00C04F79EFBC}") = "InterprocessRPC.WCF", "InterprocessRPC.WCF\InterprocessRPC.WCF.csproj", "{4BB7F588-DF3E-4E59-A559-C4989D7DBC1A}"
EndProject
Project("{FAE04EC0-301F-11D3-BF4B-00C04F79EFBC}") = "InterprocessRPC.Eneter", "InterprocessRPC.Eneter\InterprocessRPC.Eneter.csproj", "{DD472E39-21B3-46AC-9F10-6F723402B4CE}"
EndProject
Global
	GlobalSection(SolutionConfigurationPlatforms) = preSolution
		Debug_IpcFramework|Any CPU = Debug_IpcFramework|Any CPU
		Debug_StreamJson|Any CPU = Debug_StreamJson|Any CPU
		Debug_WCF|Any CPU = Debug_WCF|Any CPU
		Debug|Any CPU = Debug|Any CPU
		Release|Any CPU = Release|Any CPU
	EndGlobalSection
	GlobalSection(ProjectConfigurationPlatforms) = postSolution
		{B9096AD6-24EA-4A8D-A70E-EA237A479661}.Debug_IpcFramework|Any CPU.ActiveCfg = Debug|Any CPU
		{B9096AD6-24EA-4A8D-A70E-EA237A479661}.Debug_IpcFramework|Any CPU.Build.0 = Debug|Any CPU
		{B9096AD6-24EA-4A8D-A70E-EA237A479661}.Debug_StreamJson|Any CPU.ActiveCfg = Debug|Any CPU
		{B9096AD6-24EA-4A8D-A70E-EA237A479661}.Debug_StreamJson|Any CPU.Build.0 = Debug|Any CPU
		{B9096AD6-24EA-4A8D-A70E-EA237A479661}.Debug_WCF|Any CPU.ActiveCfg = Debug|Any CPU
		{B9096AD6-24EA-4A8D-A70E-EA237A479661}.Debug_WCF|Any CPU.Build.0 = Debug|Any CPU
		{B9096AD6-24EA-4A8D-A70E-EA237A479661}.Debug|Any CPU.ActiveCfg = Debug|Any CPU
		{B9096AD6-24EA-4A8D-A70E-EA237A479661}.Debug|Any CPU.Build.0 = Debug|Any CPU
		{B9096AD6-24EA-4A8D-A70E-EA237A479661}.Release|Any CPU.ActiveCfg = Release|Any CPU
		{B9096AD6-24EA-4A8D-A70E-EA237A479661}.Release|Any CPU.Build.0 = Release|Any CPU
		{21B02A8F-F4ED-42F4-BB8C-63EC3438067E}.Debug_IpcFramework|Any CPU.ActiveCfg = Debug|Any CPU
		{21B02A8F-F4ED-42F4-BB8C-63EC3438067E}.Debug_IpcFramework|Any CPU.Build.0 = Debug|Any CPU
		{21B02A8F-F4ED-42F4-BB8C-63EC3438067E}.Debug_StreamJson|Any CPU.ActiveCfg = Debug|Any CPU
		{21B02A8F-F4ED-42F4-BB8C-63EC3438067E}.Debug_StreamJson|Any CPU.Build.0 = Debug|Any CPU
		{21B02A8F-F4ED-42F4-BB8C-63EC3438067E}.Debug_WCF|Any CPU.ActiveCfg = Debug|Any CPU
		{21B02A8F-F4ED-42F4-BB8C-63EC3438067E}.Debug_WCF|Any CPU.Build.0 = Debug|Any CPU
		{21B02A8F-F4ED-42F4-BB8C-63EC3438067E}.Debug|Any CPU.ActiveCfg = Debug|Any CPU
		{21B02A8F-F4ED-42F4-BB8C-63EC3438067E}.Debug|Any CPU.Build.0 = Debug|Any CPU
		{21B02A8F-F4ED-42F4-BB8C-63EC3438067E}.Release|Any CPU.ActiveCfg = Release|Any CPU
		{21B02A8F-F4ED-42F4-BB8C-63EC3438067E}.Release|Any CPU.Build.0 = Release|Any CPU
		{0CC52D05-7EB0-4F46-8323-56B1C09DA3CC}.Debug_IpcFramework|Any CPU.ActiveCfg = Debug|Any CPU
		{0CC52D05-7EB0-4F46-8323-56B1C09DA3CC}.Debug_IpcFramework|Any CPU.Build.0 = Debug|Any CPU
		{0CC52D05-7EB0-4F46-8323-56B1C09DA3CC}.Debug_StreamJson|Any CPU.ActiveCfg = Debug|Any CPU
		{0CC52D05-7EB0-4F46-8323-56B1C09DA3CC}.Debug_StreamJson|Any CPU.Build.0 = Debug|Any CPU
		{0CC52D05-7EB0-4F46-8323-56B1C09DA3CC}.Debug_WCF|Any CPU.ActiveCfg = Debug|Any CPU
		{0CC52D05-7EB0-4F46-8323-56B1C09DA3CC}.Debug_WCF|Any CPU.Build.0 = Debug|Any CPU
		{0CC52D05-7EB0-4F46-8323-56B1C09DA3CC}.Debug|Any CPU.ActiveCfg = Debug|Any CPU
		{0CC52D05-7EB0-4F46-8323-56B1C09DA3CC}.Debug|Any CPU.Build.0 = Debug|Any CPU
		{0CC52D05-7EB0-4F46-8323-56B1C09DA3CC}.Release|Any CPU.ActiveCfg = Release|Any CPU
		{0CC52D05-7EB0-4F46-8323-56B1C09DA3CC}.Release|Any CPU.Build.0 = Release|Any CPU
		{A5F85148-2941-4ADD-8546-23254FE2912D}.Debug_IpcFramework|Any CPU.ActiveCfg = Debug|Any CPU
		{A5F85148-2941-4ADD-8546-23254FE2912D}.Debug_IpcFramework|Any CPU.Build.0 = Debug|Any CPU
		{A5F85148-2941-4ADD-8546-23254FE2912D}.Debug_StreamJson|Any CPU.ActiveCfg = Debug|Any CPU
		{A5F85148-2941-4ADD-8546-23254FE2912D}.Debug_StreamJson|Any CPU.Build.0 = Debug|Any CPU
		{A5F85148-2941-4ADD-8546-23254FE2912D}.Debug_WCF|Any CPU.ActiveCfg = Debug|Any CPU
		{A5F85148-2941-4ADD-8546-23254FE2912D}.Debug_WCF|Any CPU.Build.0 = Debug|Any CPU
		{A5F85148-2941-4ADD-8546-23254FE2912D}.Debug|Any CPU.ActiveCfg = Debug|Any CPU
		{A5F85148-2941-4ADD-8546-23254FE2912D}.Debug|Any CPU.Build.0 = Debug|Any CPU
		{A5F85148-2941-4ADD-8546-23254FE2912D}.Release|Any CPU.ActiveCfg = Release|Any CPU
		{A5F85148-2941-4ADD-8546-23254FE2912D}.Release|Any CPU.Build.0 = Release|Any CPU
		{223A0DF9-68A0-44F6-820E-AAD843E1C077}.Debug_IpcFramework|Any CPU.ActiveCfg = Debug_IpcFramework|Any CPU
		{223A0DF9-68A0-44F6-820E-AAD843E1C077}.Debug_IpcFramework|Any CPU.Build.0 = Debug_IpcFramework|Any CPU
		{223A0DF9-68A0-44F6-820E-AAD843E1C077}.Debug_StreamJson|Any CPU.ActiveCfg = Debug_StreamJson|Any CPU
		{223A0DF9-68A0-44F6-820E-AAD843E1C077}.Debug_StreamJson|Any CPU.Build.0 = Debug_StreamJson|Any CPU
		{223A0DF9-68A0-44F6-820E-AAD843E1C077}.Debug_WCF|Any CPU.ActiveCfg = Debug_WCF|Any CPU
		{223A0DF9-68A0-44F6-820E-AAD843E1C077}.Debug_WCF|Any CPU.Build.0 = Debug_WCF|Any CPU
		{223A0DF9-68A0-44F6-820E-AAD843E1C077}.Debug|Any CPU.ActiveCfg = Debug|Any CPU
		{223A0DF9-68A0-44F6-820E-AAD843E1C077}.Debug|Any CPU.Build.0 = Debug|Any CPU
		{223A0DF9-68A0-44F6-820E-AAD843E1C077}.Release|Any CPU.ActiveCfg = Release|Any CPU
		{223A0DF9-68A0-44F6-820E-AAD843E1C077}.Release|Any CPU.Build.0 = Release|Any CPU
		{4BB7F588-DF3E-4E59-A559-C4989D7DBC1A}.Debug_IpcFramework|Any CPU.ActiveCfg = Debug|Any CPU
		{4BB7F588-DF3E-4E59-A559-C4989D7DBC1A}.Debug_IpcFramework|Any CPU.Build.0 = Debug|Any CPU
		{4BB7F588-DF3E-4E59-A559-C4989D7DBC1A}.Debug_StreamJson|Any CPU.ActiveCfg = Debug|Any CPU
		{4BB7F588-DF3E-4E59-A559-C4989D7DBC1A}.Debug_StreamJson|Any CPU.Build.0 = Debug|Any CPU
		{4BB7F588-DF3E-4E59-A559-C4989D7DBC1A}.Debug_WCF|Any CPU.ActiveCfg = Debug|Any CPU
		{4BB7F588-DF3E-4E59-A559-C4989D7DBC1A}.Debug_WCF|Any CPU.Build.0 = Debug|Any CPU
		{4BB7F588-DF3E-4E59-A559-C4989D7DBC1A}.Debug|Any CPU.ActiveCfg = Debug|Any CPU
		{4BB7F588-DF3E-4E59-A559-C4989D7DBC1A}.Debug|Any CPU.Build.0 = Debug|Any CPU
		{4BB7F588-DF3E-4E59-A559-C4989D7DBC1A}.Release|Any CPU.ActiveCfg = Release|Any CPU
		{4BB7F588-DF3E-4E59-A559-C4989D7DBC1A}.Release|Any CPU.Build.0 = Release|Any CPU
		{DD472E39-21B3-46AC-9F10-6F723402B4CE}.Debug_IpcFramework|Any CPU.ActiveCfg = Debug|Any CPU
		{DD472E39-21B3-46AC-9F10-6F723402B4CE}.Debug_IpcFramework|Any CPU.Build.0 = Debug|Any CPU
		{DD472E39-21B3-46AC-9F10-6F723402B4CE}.Debug_StreamJson|Any CPU.ActiveCfg = Debug|Any CPU
		{DD472E39-21B3-46AC-9F10-6F723402B4CE}.Debug_StreamJson|Any CPU.Build.0 = Debug|Any CPU
		{DD472E39-21B3-46AC-9F10-6F723402B4CE}.Debug_WCF|Any CPU.ActiveCfg = Debug|Any CPU
		{DD472E39-21B3-46AC-9F10-6F723402B4CE}.Debug_WCF|Any CPU.Build.0 = Debug|Any CPU
		{DD472E39-21B3-46AC-9F10-6F723402B4CE}.Debug|Any CPU.ActiveCfg = Debug|Any CPU
		{DD472E39-21B3-46AC-9F10-6F723402B4CE}.Debug|Any CPU.Build.0 = Debug|Any CPU
		{DD472E39-21B3-46AC-9F10-6F723402B4CE}.Release|Any CPU.ActiveCfg = Release|Any CPU
		{DD472E39-21B3-46AC-9F10-6F723402B4CE}.Release|Any CPU.Build.0 = Release|Any CPU
	EndGlobalSection
	GlobalSection(SolutionProperties) = preSolution
		HideSolutionNode = FALSE
	EndGlobalSection
	GlobalSection(NestedProjects) = preSolution
		{B9096AD6-24EA-4A8D-A70E-EA237A479661} = {1AB1D78A-42E3-4C8B-8D05-4F50C3D3CADB}
		{4BB7F588-DF3E-4E59-A559-C4989D7DBC1A} = {1AB1D78A-42E3-4C8B-8D05-4F50C3D3CADB}
		{DD472E39-21B3-46AC-9F10-6F723402B4CE} = {1AB1D78A-42E3-4C8B-8D05-4F50C3D3CADB}
	EndGlobalSection
	GlobalSection(ExtensibilityGlobals) = postSolution
		SolutionGuid = {D9945FCE-BD4C-4EC6-AAF4-2B0CD85CB70B}
	EndGlobalSection
EndGlobal
